
Microsoft Visual Studio Solution File, Format Version 12.00
# Visual Studio 2012
Project("{FAE04EC0-301F-11D3-BF4B-00C04F79EFBC}") = "NMP Server", "NMP Server\NMP Server.csproj", "{7B0CF16E-6EF0-4729-A816-6D2E7968CC52}"
EndProject
Global
	GlobalSection(SolutionConfigurationPlatforms) = preSolution
		Debug|Any CPU = Debug|Any CPU
		Release|Any CPU = Release|Any CPU
	EndGlobalSection
	GlobalSection(ProjectConfigurationPlatforms) = postSolution
		{7B0CF16E-6EF0-4729-A816-6D2E7968CC52}.Debug|Any CPU.ActiveCfg = Debug|Any CPU
		{7B0CF16E-6EF0-4729-A816-6D2E7968CC52}.Debug|Any CPU.Build.0 = Debug|Any CPU
		{7B0CF16E-6EF0-4729-A816-6D2E7968CC52}.Release|Any CPU.ActiveCfg = Release|Any CPU
		{7B0CF16E-6EF0-4729-A816-6D2E7968CC52}.Release|Any CPU.Build.0 = Release|Any CPU
	EndGlobalSection
	GlobalSection(SolutionProperties) = preSolution
		HideSolutionNode = FALSE
	EndGlobalSection
EndGlobal
